
Microsoft Visual Studio Solution File, Format Version 12.00
# Visual Studio Version 17
VisualStudioVersion = 17.2.32630.192
MinimumVisualStudioVersion = 10.0.40219.1
Project("{FAE04EC0-301F-11D3-BF4B-00C04F79EFBC}") = "Car.API", "Car.API\Car.API.csproj", "{36D223AF-09B1-4F32-9870-BD313FD77D76}"
EndProject
Global
	GlobalSection(SolutionConfigurationPlatforms) = preSolution
		Debug|Any CPU = Debug|Any CPU
		Release|Any CPU = Release|Any CPU
	EndGlobalSection
	GlobalSection(ProjectConfigurationPlatforms) = postSolution
		{36D223AF-09B1-4F32-9870-BD313FD77D76}.Debug|Any CPU.ActiveCfg = Debug|Any CPU
		{36D223AF-09B1-4F32-9870-BD313FD77D76}.Debug|Any CPU.Build.0 = Debug|Any CPU
		{36D223AF-09B1-4F32-9870-BD313FD77D76}.Release|Any CPU.ActiveCfg = Release|Any CPU
		{36D223AF-09B1-4F32-9870-BD313FD77D76}.Release|Any CPU.Build.0 = Release|Any CPU
	EndGlobalSection
	GlobalSection(SolutionProperties) = preSolution
		HideSolutionNode = FALSE
	EndGlobalSection
	GlobalSection(ExtensibilityGlobals) = postSolution
		SolutionGuid = {70BFF33B-A0B6-4F24-88C4-009A77E2BE81}
	EndGlobalSection
EndGlobal
